
Microsoft Visual Studio Solution File, Format Version 12.00
# Visual Studio 15
VisualStudioVersion = 15.0.28307.168
MinimumVisualStudioVersion = 10.0.40219.1
Project("{FAE04EC0-301F-11D3-BF4B-00C04F79EFBC}") = "GeoClient.Android", "GeoClient\GeoClient.Android\GeoClient.Android.csproj", "{0E929E27-80FE-48D5-85F2-7F5805D71D12}"
EndProject
Project("{FAE04EC0-301F-11D3-BF4B-00C04F79EFBC}") = "GeoClient.iOS", "GeoClient\GeoClient.iOS\GeoClient.iOS.csproj", "{4E3D42CB-63F8-4860-BA3B-24CB3FAC8FA1}"
EndProject
Project("{FAE04EC0-301F-11D3-BF4B-00C04F79EFBC}") = "GeoClient.UWP", "GeoClient\GeoClient.UWP\GeoClient.UWP.csproj", "{FC79F765-A59D-4681-8326-82124E1BA340}"
EndProject
Project("{FAE04EC0-301F-11D3-BF4B-00C04F79EFBC}") = "GeoClient", "GeoClient\GeoClient\GeoClient.csproj", "{FA8B858C-9662-4B4F-86B6-0F6515B5480D}"
EndProject
Global
	GlobalSection(SolutionConfigurationPlatforms) = preSolution
		Debug|Any CPU = Debug|Any CPU
		Debug|ARM = Debug|ARM
		Debug|iPhone = Debug|iPhone
		Debug|iPhoneSimulator = Debug|iPhoneSimulator
		Debug|x64 = Debug|x64
		Debug|x86 = Debug|x86
		Release|Any CPU = Release|Any CPU
		Release|ARM = Release|ARM
		Release|iPhone = Release|iPhone
		Release|iPhoneSimulator = Release|iPhoneSimulator
		Release|x64 = Release|x64
		Release|x86 = Release|x86
	EndGlobalSection
	GlobalSection(ProjectConfigurationPlatforms) = postSolution
		{0E929E27-80FE-48D5-85F2-7F5805D71D12}.Debug|Any CPU.ActiveCfg = Debug|Any CPU
		{0E929E27-80FE-48D5-85F2-7F5805D71D12}.Debug|Any CPU.Build.0 = Debug|Any CPU
		{0E929E27-80FE-48D5-85F2-7F5805D71D12}.Debug|Any CPU.Deploy.0 = Debug|Any CPU
		{0E929E27-80FE-48D5-85F2-7F5805D71D12}.Debug|ARM.ActiveCfg = Debug|Any CPU
		{0E929E27-80FE-48D5-85F2-7F5805D71D12}.Debug|ARM.Build.0 = Debug|Any CPU
		{0E929E27-80FE-48D5-85F2-7F5805D71D12}.Debug|ARM.Deploy.0 = Debug|Any CPU
		{0E929E27-80FE-48D5-85F2-7F5805D71D12}.Debug|iPhone.ActiveCfg = Debug|Any CPU
		{0E929E27-80FE-48D5-85F2-7F5805D71D12}.Debug|iPhone.Build.0 = Debug|Any CPU
		{0E929E27-80FE-48D5-85F2-7F5805D71D12}.Debug|iPhone.Deploy.0 = Debug|Any CPU
		{0E929E27-80FE-48D5-85F2-7F5805D71D12}.Debug|iPhoneSimulator.ActiveCfg = Debug|Any CPU
		{0E929E27-80FE-48D5-85F2-7F5805D71D12}.Debug|iPhoneSimulator.Build.0 = Debug|Any CPU
		{0E929E27-80FE-48D5-85F2-7F5805D71D12}.Debug|iPhoneSimulator.Deploy.0 = Debug|Any CPU
		{0E929E27-80FE-48D5-85F2-7F5805D71D12}.Debug|x64.ActiveCfg = Debug|Any CPU
		{0E929E27-80FE-48D5-85F2-7F5805D71D12}.Debug|x64.Build.0 = Debug|Any CPU
		{0E929E27-80FE-48D5-85F2-7F5805D71D12}.Debug|x64.Deploy.0 = Debug|Any CPU
		{0E929E27-80FE-48D5-85F2-7F5805D71D12}.Debug|x86.ActiveCfg = Debug|Any CPU
		{0E929E27-80FE-48D5-85F2-7F5805D71D12}.Debug|x86.Build.0 = Debug|Any CPU
		{0E929E27-80FE-48D5-85F2-7F5805D71D12}.Debug|x86.Deploy.0 = Debug|Any CPU
		{0E929E27-80FE-48D5-85F2-7F5805D71D12}.Release|Any CPU.ActiveCfg = Release|Any CPU
		{0E929E27-80FE-48D5-85F2-7F5805D71D12}.Release|Any CPU.Build.0 = Release|Any CPU
		{0E929E27-80FE-48D5-85F2-7F5805D71D12}.Release|Any CPU.Deploy.0 = Release|Any CPU
		{0E929E27-80FE-48D5-85F2-7F5805D71D12}.Release|ARM.ActiveCfg = Release|Any CPU
		{0E929E27-80FE-48D5-85F2-7F5805D71D12}.Release|ARM.Build.0 = Release|Any CPU
		{0E929E27-80FE-48D5-85F2-7F5805D71D12}.Release|ARM.Deploy.0 = Release|Any CPU
		{0E929E27-80FE-48D5-85F2-7F5805D71D12}.Release|iPhone.ActiveCfg = Release|Any CPU
		{0E929E27-80FE-48D5-85F2-7F5805D71D12}.Release|iPhone.Build.0 = Release|Any CPU
		{0E929E27-80FE-48D5-85F2-7F5805D71D12}.Release|iPhone.Deploy.0 = Release|Any CPU
		{0E929E27-80FE-48D5-85F2-7F5805D71D12}.Release|iPhoneSimulator.ActiveCfg = Release|Any CPU
		{0E929E27-80FE-48D5-85F2-7F5805D71D12}.Release|iPhoneSimulator.Build.0 = Release|Any CPU
		{0E929E27-80FE-48D5-85F2-7F5805D71D12}.Release|iPhoneSimulator.Deploy.0 = Release|Any CPU
		{0E929E27-80FE-48D5-85F2-7F5805D71D12}.Release|x64.ActiveCfg = Release|Any CPU
		{0E929E27-80FE-48D5-85F2-7F5805D71D12}.Release|x64.Build.0 = Release|Any CPU
		{0E929E27-80FE-48D5-85F2-7F5805D71D12}.Release|x64.Deploy.0 = Release|Any CPU
		{0E929E27-80FE-48D5-85F2-7F5805D71D12}.Release|x86.ActiveCfg = Release|Any CPU
		{0E929E27-80FE-48D5-85F2-7F5805D71D12}.Release|x86.Build.0 = Release|Any CPU
		{0E929E27-80FE-48D5-85F2-7F5805D71D12}.Release|x86.Deploy.0 = Release|Any CPU
		{4E3D42CB-63F8-4860-BA3B-24CB3FAC8FA1}.Debug|Any CPU.ActiveCfg = Debug|iPhoneSimulator
		{4E3D42CB-63F8-4860-BA3B-24CB3FAC8FA1}.Debug|Any CPU.Build.0 = Debug|iPhoneSimulator
		{4E3D42CB-63F8-4860-BA3B-24CB3FAC8FA1}.Debug|Any CPU.Deploy.0 = Debug|iPhoneSimulator
		{4E3D42CB-63F8-4860-BA3B-24CB3FAC8FA1}.Debug|ARM.ActiveCfg = Debug|iPhone
		{4E3D42CB-63F8-4860-BA3B-24CB3FAC8FA1}.Debug|ARM.Build.0 = Debug|iPhone
		{4E3D42CB-63F8-4860-BA3B-24CB3FAC8FA1}.Debug|ARM.Deploy.0 = Debug|iPhone
		{4E3D42CB-63F8-4860-BA3B-24CB3FAC8FA1}.Debug|iPhone.ActiveCfg = Debug|iPhone
		{4E3D42CB-63F8-4860-BA3B-24CB3FAC8FA1}.Debug|iPhone.Build.0 = Debug|iPhone
		{4E3D42CB-63F8-4860-BA3B-24CB3FAC8FA1}.Debug|iPhone.Deploy.0 = Debug|iPhone
		{4E3D42CB-63F8-4860-BA3B-24CB3FAC8FA1}.Debug|iPhoneSimulator.ActiveCfg = Debug|iPhoneSimulator
		{4E3D42CB-63F8-4860-BA3B-24CB3FAC8FA1}.Debug|iPhoneSimulator.Build.0 = Debug|iPhoneSimulator
		{4E3D42CB-63F8-4860-BA3B-24CB3FAC8FA1}.Debug|iPhoneSimulator.Deploy.0 = Debug|iPhoneSimulator
		{4E3D42CB-63F8-4860-BA3B-24CB3FAC8FA1}.Debug|x64.ActiveCfg = Debug|iPhone
		{4E3D42CB-63F8-4860-BA3B-24CB3FAC8FA1}.Debug|x64.Build.0 = Debug|iPhone
		{4E3D42CB-63F8-4860-BA3B-24CB3FAC8FA1}.Debug|x64.Deploy.0 = Debug|iPhone
		{4E3D42CB-63F8-4860-BA3B-24CB3FAC8FA1}.Debug|x86.ActiveCfg = Debug|iPhone
		{4E3D42CB-63F8-4860-BA3B-24CB3FAC8FA1}.Debug|x86.Build.0 = Debug|iPhone
		{4E3D42CB-63F8-4860-BA3B-24CB3FAC8FA1}.Debug|x86.Deploy.0 = Debug|iPhone
		{4E3D42CB-63F8-4860-BA3B-24CB3FAC8FA1}.Release|Any CPU.ActiveCfg = Release|iPhone
		{4E3D42CB-63F8-4860-BA3B-24CB3FAC8FA1}.Release|Any CPU.Build.0 = Release|iPhone
		{4E3D42CB-63F8-4860-BA3B-24CB3FAC8FA1}.Release|Any CPU.Deploy.0 = Release|iPhone
		{4E3D42CB-63F8-4860-BA3B-24CB3FAC8FA1}.Release|ARM.ActiveCfg = Release|iPhone
		{4E3D42CB-63F8-4860-BA3B-24CB3FAC8FA1}.Release|ARM.Build.0 = Release|iPhone
		{4E3D42CB-63F8-4860-BA3B-24CB3FAC8FA1}.Release|ARM.Deploy.0 = Release|iPhone
		{4E3D42CB-63F8-4860-BA3B-24CB3FAC8FA1}.Release|iPhone.ActiveCfg = Release|iPhone
		{4E3D42CB-63F8-4860-BA3B-24CB3FAC8FA1}.Release|iPhone.Build.0 = Release|iPhone
		{4E3D42CB-63F8-4860-BA3B-24CB3FAC8FA1}.Release|iPhone.Deploy.0 = Release|iPhone
		{4E3D42CB-63F8-4860-BA3B-24CB3FAC8FA1}.Release|iPhoneSimulator.ActiveCfg = Release|iPhoneSimulator
		{4E3D42CB-63F8-4860-BA3B-24CB3FAC8FA1}.Release|iPhoneSimulator.Build.0 = Release|iPhoneSimulator
		{4E3D42CB-63F8-4860-BA3B-24CB3FAC8FA1}.Release|iPhoneSimulator.Deploy.0 = Release|iPhoneSimulator
		{4E3D42CB-63F8-4860-BA3B-24CB3FAC8FA1}.Release|x64.ActiveCfg = Release|iPhone
		{4E3D42CB-63F8-4860-BA3B-24CB3FAC8FA1}.Release|x64.Build.0 = Release|iPhone
		{4E3D42CB-63F8-4860-BA3B-24CB3FAC8FA1}.Release|x64.Deploy.0 = Release|iPhone
		{4E3D42CB-63F8-4860-BA3B-24CB3FAC8FA1}.Release|x86.ActiveCfg = Release|iPhone
		{4E3D42CB-63F8-4860-BA3B-24CB3FAC8FA1}.Release|x86.Build.0 = Release|iPhone
		{4E3D42CB-63F8-4860-BA3B-24CB3FAC8FA1}.Release|x86.Deploy.0 = Release|iPhone
		{FC79F765-A59D-4681-8326-82124E1BA340}.Debug|Any CPU.ActiveCfg = Debug|x86
		{FC79F765-A59D-4681-8326-82124E1BA340}.Debug|Any CPU.Build.0 = Debug|x86
		{FC79F765-A59D-4681-8326-82124E1BA340}.Debug|Any CPU.Deploy.0 = Debug|x86
		{FC79F765-A59D-4681-8326-82124E1BA340}.Debug|ARM.ActiveCfg = Debug|ARM
		{FC79F765-A59D-4681-8326-82124E1BA340}.Debug|ARM.Build.0 = Debug|ARM
		{FC79F765-A59D-4681-8326-82124E1BA340}.Debug|ARM.Deploy.0 = Debug|ARM
		{FC79F765-A59D-4681-8326-82124E1BA340}.Debug|iPhone.ActiveCfg = Debug|x86
		{FC79F765-A59D-4681-8326-82124E1BA340}.Debug|iPhone.Build.0 = Debug|x86
		{FC79F765-A59D-4681-8326-82124E1BA340}.Debug|iPhone.Deploy.0 = Debug|x86
		{FC79F765-A59D-4681-8326-82124E1BA340}.Debug|iPhoneSimulator.ActiveCfg = Debug|x86
		{FC79F765-A59D-4681-8326-82124E1BA340}.Debug|iPhoneSimulator.Build.0 = Debug|x86
		{FC79F765-A59D-4681-8326-82124E1BA340}.Debug|iPhoneSimulator.Deploy.0 = Debug|x86
		{FC79F765-A59D-4681-8326-82124E1BA340}.Debug|x64.ActiveCfg = Debug|x64
		{FC79F765-A59D-4681-8326-82124E1BA340}.Debug|x64.Build.0 = Debug|x64
		{FC79F765-A59D-4681-8326-82124E1BA340}.Debug|x64.Deploy.0 = Debug|x64
		{FC79F765-A59D-4681-8326-82124E1BA340}.Debug|x86.ActiveCfg = Debug|x86
		{FC79F765-A59D-4681-8326-82124E1BA340}.Debug|x86.Build.0 = Debug|x86
		{FC79F765-A59D-4681-8326-82124E1BA340}.Debug|x86.Deploy.0 = Debug|x86
		{FC79F765-A59D-4681-8326-82124E1BA340}.Release|Any CPU.ActiveCfg = Release|x86
		{FC79F765-A59D-4681-8326-82124E1BA340}.Release|Any CPU.Build.0 = Release|x86
		{FC79F765-A59D-4681-8326-82124E1BA340}.Release|Any CPU.Deploy.0 = Release|x86
		{FC79F765-A59D-4681-8326-82124E1BA340}.Release|ARM.ActiveCfg = Release|ARM
		{FC79F765-A59D-4681-8326-82124E1BA340}.Release|ARM.Build.0 = Release|ARM
		{FC79F765-A59D-4681-8326-82124E1BA340}.Release|ARM.Deploy.0 = Release|ARM
		{FC79F765-A59D-4681-8326-82124E1BA340}.Release|iPhone.ActiveCfg = Release|x86
		{FC79F765-A59D-4681-8326-82124E1BA340}.Release|iPhone.Build.0 = Release|x86
		{FC79F765-A59D-4681-8326-82124E1BA340}.Release|iPhone.Deploy.0 = Release|x86
		{FC79F765-A59D-4681-8326-82124E1BA340}.Release|iPhoneSimulator.ActiveCfg = Release|x86
		{FC79F765-A59D-4681-8326-82124E1BA340}.Release|iPhoneSimulator.Build.0 = Release|x86
		{FC79F765-A59D-4681-8326-82124E1BA340}.Release|iPhoneSimulator.Deploy.0 = Release|x86
		{FC79F765-A59D-4681-8326-82124E1BA340}.Release|x64.ActiveCfg = Release|x64
		{FC79F765-A59D-4681-8326-82124E1BA340}.Release|x64.Build.0 = Release|x64
		{FC79F765-A59D-4681-8326-82124E1BA340}.Release|x64.Deploy.0 = Release|x64
		{FC79F765-A59D-4681-8326-82124E1BA340}.Release|x86.ActiveCfg = Release|x86
		{FC79F765-A59D-4681-8326-82124E1BA340}.Release|x86.Build.0 = Release|x86
		{FC79F765-A59D-4681-8326-82124E1BA340}.Release|x86.Deploy.0 = Release|x86
		{FA8B858C-9662-4B4F-86B6-0F6515B5480D}.Debug|Any CPU.ActiveCfg = Debug|Any CPU
		{FA8B858C-9662-4B4F-86B6-0F6515B5480D}.Debug|Any CPU.Build.0 = Debug|Any CPU
		{FA8B858C-9662-4B4F-86B6-0F6515B5480D}.Debug|Any CPU.Deploy.0 = Debug|Any CPU
		{FA8B858C-9662-4B4F-86B6-0F6515B5480D}.Debug|ARM.ActiveCfg = Debug|Any CPU
		{FA8B858C-9662-4B4F-86B6-0F6515B5480D}.Debug|ARM.Build.0 = Debug|Any CPU
		{FA8B858C-9662-4B4F-86B6-0F6515B5480D}.Debug|ARM.Deploy.0 = Debug|Any CPU
		{FA8B858C-9662-4B4F-86B6-0F6515B5480D}.Debug|iPhone.ActiveCfg = Debug|Any CPU
		{FA8B858C-9662-4B4F-86B6-0F6515B5480D}.Debug|iPhone.Build.0 = Debug|Any CPU
		{FA8B858C-9662-4B4F-86B6-0F6515B5480D}.Debug|iPhone.Deploy.0 = Debug|Any CPU
		{FA8B858C-9662-4B4F-86B6-0F6515B5480D}.Debug|iPhoneSimulator.ActiveCfg = Debug|Any CPU
		{FA8B858C-9662-4B4F-86B6-0F6515B5480D}.Debug|iPhoneSimulator.Build.0 = Debug|Any CPU
		{FA8B858C-9662-4B4F-86B6-0F6515B5480D}.Debug|iPhoneSimulator.Deploy.0 = Debug|Any CPU
		{FA8B858C-9662-4B4F-86B6-0F6515B5480D}.Debug|x64.ActiveCfg = Debug|Any CPU
		{FA8B858C-9662-4B4F-86B6-0F6515B5480D}.Debug|x64.Build.0 = Debug|Any CPU
		{FA8B858C-9662-4B4F-86B6-0F6515B5480D}.Debug|x64.Deploy.0 = Debug|Any CPU
		{FA8B858C-9662-4B4F-86B6-0F6515B5480D}.Debug|x86.ActiveCfg = Debug|Any CPU
		{FA8B858C-9662-4B4F-86B6-0F6515B5480D}.Debug|x86.Build.0 = Debug|Any CPU
		{FA8B858C-9662-4B4F-86B6-0F6515B5480D}.Debug|x86.Deploy.0 = Debug|Any CPU
		{FA8B858C-9662-4B4F-86B6-0F6515B5480D}.Release|Any CPU.ActiveCfg = Release|Any CPU
		{FA8B858C-9662-4B4F-86B6-0F6515B5480D}.Release|Any CPU.Build.0 = Release|Any CPU
		{FA8B858C-9662-4B4F-86B6-0F6515B5480D}.Release|Any CPU.Deploy.0 = Release|Any CPU
		{FA8B858C-9662-4B4F-86B6-0F6515B5480D}.Release|ARM.ActiveCfg = Release|Any CPU
		{FA8B858C-9662-4B4F-86B6-0F6515B5480D}.Release|ARM.Build.0 = Release|Any CPU
		{FA8B858C-9662-4B4F-86B6-0F6515B5480D}.Release|ARM.Deploy.0 = Release|Any CPU
		{FA8B858C-9662-4B4F-86B6-0F6515B5480D}.Release|iPhone.ActiveCfg = Release|Any CPU
		{FA8B858C-9662-4B4F-86B6-0F6515B5480D}.Release|iPhone.Build.0 = Release|Any CPU
		{FA8B858C-9662-4B4F-86B6-0F6515B5480D}.Release|iPhone.Deploy.0 = Release|Any CPU
		{FA8B858C-9662-4B4F-86B6-0F6515B5480D}.Release|iPhoneSimulator.ActiveCfg = Release|Any CPU
		{FA8B858C-9662-4B4F-86B6-0F6515B5480D}.Release|iPhoneSimulator.Build.0 = Release|Any CPU
		{FA8B858C-9662-4B4F-86B6-0F6515B5480D}.Release|iPhoneSimulator.Deploy.0 = Release|Any CPU
		{FA8B858C-9662-4B4F-86B6-0F6515B5480D}.Release|x64.ActiveCfg = Release|Any CPU
		{FA8B858C-9662-4B4F-86B6-0F6515B5480D}.Release|x64.Build.0 = Release|Any CPU
		{FA8B858C-9662-4B4F-86B6-0F6515B5480D}.Release|x64.Deploy.0 = Release|Any CPU
		{FA8B858C-9662-4B4F-86B6-0F6515B5480D}.Release|x86.ActiveCfg = Release|Any CPU
		{FA8B858C-9662-4B4F-86B6-0F6515B5480D}.Release|x86.Build.0 = Release|Any CPU
		{FA8B858C-9662-4B4F-86B6-0F6515B5480D}.Release|x86.Deploy.0 = Release|Any CPU
	EndGlobalSection
	GlobalSection(SolutionProperties) = preSolution
		HideSolutionNode = FALSE
	EndGlobalSection
	GlobalSection(ExtensibilityGlobals) = postSolution
		SolutionGuid = {8C307788-EEFD-4017-859F-7E8C7F8458BC}
	EndGlobalSection
EndGlobal
